
Microsoft Visual Studio Solution File, Format Version 12.00
# Visual Studio Version 17
VisualStudioVersion = 17.14.36414.22 d17.14
MinimumVisualStudioVersion = 10.0.40219.1
Project("{FAE04EC0-301F-11D3-BF4B-00C04F79EFBC}") = "OperatorOverloadingWithVector_01", "OperatorOverloadingWithVector_01\OperatorOverloadingWithVector_01.csproj", "{A0669B34-39C5-4FCF-A577-871EE2980CBD}"
EndProject
Global
	GlobalSection(SolutionConfigurationPlatforms) = preSolution
		Debug|Any CPU = Debug|Any CPU
		Release|Any CPU = Release|Any CPU
	EndGlobalSection
	GlobalSection(ProjectConfigurationPlatforms) = postSolution
		{A0669B34-39C5-4FCF-A577-871EE2980CBD}.Debug|Any CPU.ActiveCfg = Debug|Any CPU
		{A0669B34-39C5-4FCF-A577-871EE2980CBD}.Debug|Any CPU.Build.0 = Debug|Any CPU
		{A0669B34-39C5-4FCF-A577-871EE2980CBD}.Release|Any CPU.ActiveCfg = Release|Any CPU
		{A0669B34-39C5-4FCF-A577-871EE2980CBD}.Release|Any CPU.Build.0 = Release|Any CPU
	EndGlobalSection
	GlobalSection(SolutionProperties) = preSolution
		HideSolutionNode = FALSE
	EndGlobalSection
	GlobalSection(ExtensibilityGlobals) = postSolution
		SolutionGuid = {762AD5EB-6256-4BC3-8069-CC4D068D5475}
	EndGlobalSection
EndGlobal
